
Microsoft Visual Studio Solution File, Format Version 12.00
# Visual Studio Version 16
VisualStudioVersion = 16.0.31005.135
MinimumVisualStudioVersion = 10.0.40219.1
Project("{8BC9CEB8-8B4A-11D0-8D11-00A0C91BC942}") = "X", "X\X.vcxproj", "{6682BFD4-C79F-49BD-A114-6EE8FB79E8C3}"
EndProject
Project("{2150E333-8FDC-42A3-9474-1A3956D46DE8}") = "Externals", "Externals", "{856ED680-E9A4-400F-ADFF-D3C492DCA608}"
EndProject
Project("{8BC9CEB8-8B4A-11D0-8D11-00A0C91BC942}") = "DirectXTK_Desktop_2017", "X\External\DirectXTK\DirectXTK_Desktop_2017.vcxproj", "{CDE5A2F9-D904-4B88-B6CA-2964E9B5DBC4}"
EndProject
Project("{8BC9CEB8-8B4A-11D0-8D11-00A0C91BC942}") = "ImGui", "X\External\ImGui\ImGui.vcxproj", "{BFF9C813-01AF-43B3-A23E-2C62F332B994}"
EndProject
Project("{8BC9CEB8-8B4A-11D0-8D11-00A0C91BC942}") = "DirectXTKAudio_Desktop_2017_Win8", "X\External\DirectXTK\Audio\DirectXTKAudio_Desktop_2017_Win8.vcxproj", "{4F150A30-CECB-49D1-8283-6A3F57438CF5}"
EndProject
Project("{2150E333-8FDC-42A3-9474-1A3956D46DE8}") = "Framework", "Framework", "{7E061F9B-0D7E-405B-A73A-C2D28A755FB9}"
EndProject
Project("{8BC9CEB8-8B4A-11D0-8D11-00A0C91BC942}") = "FW1FontWrapper", "X\External\FW1FontWrapper\FW1FontWrapper.vcxproj", "{0D034612-14E2-44E7-993A-72344A2CA7BD}"
EndProject
Project("{8BC9CEB8-8B4A-11D0-8D11-00A0C91BC942}") = "HelloX", "HelloX\HelloX.vcxproj", "{10014E31-C9EA-41B3-9084-D628C69BE383}"
EndProject
Project("{2150E333-8FDC-42A3-9474-1A3956D46DE8}") = "VGP230", "VGP230", "{E845F27C-BB0F-4CDB-A1DF-20A09E874E1B}"
EndProject
Project("{8BC9CEB8-8B4A-11D0-8D11-00A0C91BC942}") = "HelloSpaceShooter", "HelloSpaceShooter\HelloSpaceShooter.vcxproj", "{B08E48AD-5DAF-4A2D-8FF4-56EDC9647154}"
EndProject
Project("{8BC9CEB8-8B4A-11D0-8D11-00A0C91BC942}") = "HelloTileMap", "HelloTileMap\HelloTileMap.vcxproj", "{5D4DBA98-5FCE-4E80-8C57-D133F8547155}"
EndProject
Project("{8BC9CEB8-8B4A-11D0-8D11-00A0C91BC942}") = "HelloZelda", "HelloZelda\HelloZelda.vcxproj", "{12EEBFC9-FEE8-4286-958E-1BABF6266A3D}"
EndProject
Project("{8BC9CEB8-8B4A-11D0-8D11-00A0C91BC942}") = "HelloMario", "HelloMario\HelloMario.vcxproj", "{CBEA59E3-CDBB-408D-A074-3B65D7701F47}"
EndProject
Project("{8BC9CEB8-8B4A-11D0-8D11-00A0C91BC942}") = "HelloPokemonFinal", "HelloPokemonFinal\HelloPokemonFinal.vcxproj", "{EBFFD6F7-23CB-404A-8C98-9458B5DC9475}"
EndProject
Global
	GlobalSection(SolutionConfigurationPlatforms) = preSolution
		Debug|x64 = Debug|x64
		Debug|x86 = Debug|x86
		Release|x64 = Release|x64
		Release|x86 = Release|x86
	EndGlobalSection
	GlobalSection(ProjectConfigurationPlatforms) = postSolution
		{6682BFD4-C79F-49BD-A114-6EE8FB79E8C3}.Debug|x64.ActiveCfg = Debug|x64
		{6682BFD4-C79F-49BD-A114-6EE8FB79E8C3}.Debug|x64.Build.0 = Debug|x64
		{6682BFD4-C79F-49BD-A114-6EE8FB79E8C3}.Debug|x86.ActiveCfg = Debug|Win32
		{6682BFD4-C79F-49BD-A114-6EE8FB79E8C3}.Debug|x86.Build.0 = Debug|Win32
		{6682BFD4-C79F-49BD-A114-6EE8FB79E8C3}.Release|x64.ActiveCfg = Release|x64
		{6682BFD4-C79F-49BD-A114-6EE8FB79E8C3}.Release|x64.Build.0 = Release|x64
		{6682BFD4-C79F-49BD-A114-6EE8FB79E8C3}.Release|x86.ActiveCfg = Release|Win32
		{6682BFD4-C79F-49BD-A114-6EE8FB79E8C3}.Release|x86.Build.0 = Release|Win32
		{CDE5A2F9-D904-4B88-B6CA-2964E9B5DBC4}.Debug|x64.ActiveCfg = Debug|x64
		{CDE5A2F9-D904-4B88-B6CA-2964E9B5DBC4}.Debug|x64.Build.0 = Debug|x64
		{CDE5A2F9-D904-4B88-B6CA-2964E9B5DBC4}.Debug|x86.ActiveCfg = Debug|Win32
		{CDE5A2F9-D904-4B88-B6CA-2964E9B5DBC4}.Debug|x86.Build.0 = Debug|Win32
		{CDE5A2F9-D904-4B88-B6CA-2964E9B5DBC4}.Release|x64.ActiveCfg = Release|x64
		{CDE5A2F9-D904-4B88-B6CA-2964E9B5DBC4}.Release|x64.Build.0 = Release|x64
		{CDE5A2F9-D904-4B88-B6CA-2964E9B5DBC4}.Release|x86.ActiveCfg = Release|Win32
		{CDE5A2F9-D904-4B88-B6CA-2964E9B5DBC4}.Release|x86.Build.0 = Release|Win32
		{BFF9C813-01AF-43B3-A23E-2C62F332B994}.Debug|x64.ActiveCfg = Debug|x64
		{BFF9C813-01AF-43B3-A23E-2C62F332B994}.Debug|x64.Build.0 = Debug|x64
		{BFF9C813-01AF-43B3-A23E-2C62F332B994}.Debug|x86.ActiveCfg = Debug|Win32
		{BFF9C813-01AF-43B3-A23E-2C62F332B994}.Debug|x86.Build.0 = Debug|Win32
		{BFF9C813-01AF-43B3-A23E-2C62F332B994}.Release|x64.ActiveCfg = Release|x64
		{BFF9C813-01AF-43B3-A23E-2C62F332B994}.Release|x64.Build.0 = Release|x64
		{BFF9C813-01AF-43B3-A23E-2C62F332B994}.Release|x86.ActiveCfg = Release|Win32
		{BFF9C813-01AF-43B3-A23E-2C62F332B994}.Release|x86.Build.0 = Release|Win32
		{4F150A30-CECB-49D1-8283-6A3F57438CF5}.Debug|x64.ActiveCfg = Debug|x64
		{4F150A30-CECB-49D1-8283-6A3F57438CF5}.Debug|x64.Build.0 = Debug|x64
		{4F150A30-CECB-49D1-8283-6A3F57438CF5}.Debug|x86.ActiveCfg = Debug|Win32
		{4F150A30-CECB-49D1-8283-6A3F57438CF5}.Debug|x86.Build.0 = Debug|Win32
		{4F150A30-CECB-49D1-8283-6A3F57438CF5}.Release|x64.ActiveCfg = Release|x64
		{4F150A30-CECB-49D1-8283-6A3F57438CF5}.Release|x64.Build.0 = Release|x64
		{4F150A30-CECB-49D1-8283-6A3F57438CF5}.Release|x86.ActiveCfg = Release|Win32
		{4F150A30-CECB-49D1-8283-6A3F57438CF5}.Release|x86.Build.0 = Release|Win32
		{0D034612-14E2-44E7-993A-72344A2CA7BD}.Debug|x64.ActiveCfg = Debug|x64
		{0D034612-14E2-44E7-993A-72344A2CA7BD}.Debug|x64.Build.0 = Debug|x64
		{0D034612-14E2-44E7-993A-72344A2CA7BD}.Debug|x86.ActiveCfg = Debug|Win32
		{0D034612-14E2-44E7-993A-72344A2CA7BD}.Debug|x86.Build.0 = Debug|Win32
		{0D034612-14E2-44E7-993A-72344A2CA7BD}.Release|x64.ActiveCfg = Release|x64
		{0D034612-14E2-44E7-993A-72344A2CA7BD}.Release|x64.Build.0 = Release|x64
		{0D034612-14E2-44E7-993A-72344A2CA7BD}.Release|x86.ActiveCfg = Release|Win32
		{0D034612-14E2-44E7-993A-72344A2CA7BD}.Release|x86.Build.0 = Release|Win32
		{10014E31-C9EA-41B3-9084-D628C69BE383}.Debug|x64.ActiveCfg = Debug|x64
		{10014E31-C9EA-41B3-9084-D628C69BE383}.Debug|x64.Build.0 = Debug|x64
		{10014E31-C9EA-41B3-9084-D628C69BE383}.Debug|x86.ActiveCfg = Debug|Win32
		{10014E31-C9EA-41B3-9084-D628C69BE383}.Debug|x86.Build.0 = Debug|Win32
		{10014E31-C9EA-41B3-9084-D628C69BE383}.Release|x64.ActiveCfg = Release|x64
		{10014E31-C9EA-41B3-9084-D628C69BE383}.Release|x64.Build.0 = Release|x64
		{10014E31-C9EA-41B3-9084-D628C69BE383}.Release|x86.ActiveCfg = Release|Win32
		{10014E31-C9EA-41B3-9084-D628C69BE383}.Release|x86.Build.0 = Release|Win32
		{B08E48AD-5DAF-4A2D-8FF4-56EDC9647154}.Debug|x64.ActiveCfg = Debug|x64
		{B08E48AD-5DAF-4A2D-8FF4-56EDC9647154}.Debug|x64.Build.0 = Debug|x64
		{B08E48AD-5DAF-4A2D-8FF4-56EDC9647154}.Debug|x86.ActiveCfg = Debug|Win32
		{B08E48AD-5DAF-4A2D-8FF4-56EDC9647154}.Debug|x86.Build.0 = Debug|Win32
		{B08E48AD-5DAF-4A2D-8FF4-56EDC9647154}.Release|x64.ActiveCfg = Release|x64
		{B08E48AD-5DAF-4A2D-8FF4-56EDC9647154}.Release|x64.Build.0 = Release|x64
		{B08E48AD-5DAF-4A2D-8FF4-56EDC9647154}.Release|x86.ActiveCfg = Release|Win32
		{B08E48AD-5DAF-4A2D-8FF4-56EDC9647154}.Release|x86.Build.0 = Release|Win32
		{5D4DBA98-5FCE-4E80-8C57-D133F8547155}.Debug|x64.ActiveCfg = Debug|x64
		{5D4DBA98-5FCE-4E80-8C57-D133F8547155}.Debug|x64.Build.0 = Debug|x64
		{5D4DBA98-5FCE-4E80-8C57-D133F8547155}.Debug|x86.ActiveCfg = Debug|Win32
		{5D4DBA98-5FCE-4E80-8C57-D133F8547155}.Debug|x86.Build.0 = Debug|Win32
		{5D4DBA98-5FCE-4E80-8C57-D133F8547155}.Release|x64.ActiveCfg = Release|x64
		{5D4DBA98-5FCE-4E80-8C57-D133F8547155}.Release|x64.Build.0 = Release|x64
		{5D4DBA98-5FCE-4E80-8C57-D133F8547155}.Release|x86.ActiveCfg = Release|Win32
		{5D4DBA98-5FCE-4E80-8C57-D133F8547155}.Release|x86.Build.0 = Release|Win32
		{12EEBFC9-FEE8-4286-958E-1BABF6266A3D}.Debug|x64.ActiveCfg = Debug|x64
		{12EEBFC9-FEE8-4286-958E-1BABF6266A3D}.Debug|x64.Build.0 = Debug|x64
		{12EEBFC9-FEE8-4286-958E-1BABF6266A3D}.Debug|x86.ActiveCfg = Debug|Win32
		{12EEBFC9-FEE8-4286-958E-1BABF6266A3D}.Debug|x86.Build.0 = Debug|Win32
		{12EEBFC9-FEE8-4286-958E-1BABF6266A3D}.Release|x64.ActiveCfg = Release|x64
		{12EEBFC9-FEE8-4286-958E-1BABF6266A3D}.Release|x64.Build.0 = Release|x64
		{12EEBFC9-FEE8-4286-958E-1BABF6266A3D}.Release|x86.ActiveCfg = Release|Win32
		{12EEBFC9-FEE8-4286-958E-1BABF6266A3D}.Release|x86.Build.0 = Release|Win32
		{CBEA59E3-CDBB-408D-A074-3B65D7701F47}.Debug|x64.ActiveCfg = Debug|x64
		{CBEA59E3-CDBB-408D-A074-3B65D7701F47}.Debug|x64.Build.0 = Debug|x64
		{CBEA59E3-CDBB-408D-A074-3B65D7701F47}.Debug|x86.ActiveCfg = Debug|Win32
		{CBEA59E3-CDBB-408D-A074-3B65D7701F47}.Debug|x86.Build.0 = Debug|Win32
		{CBEA59E3-CDBB-408D-A074-3B65D7701F47}.Release|x64.ActiveCfg = Release|x64
		{CBEA59E3-CDBB-408D-A074-3B65D7701F47}.Release|x64.Build.0 = Release|x64
		{CBEA59E3-CDBB-408D-A074-3B65D7701F47}.Release|x86.ActiveCfg = Release|Win32
		{CBEA59E3-CDBB-408D-A074-3B65D7701F47}.Release|x86.Build.0 = Release|Win32
		{EBFFD6F7-23CB-404A-8C98-9458B5DC9475}.Debug|x64.ActiveCfg = Debug|x64
		{EBFFD6F7-23CB-404A-8C98-9458B5DC9475}.Debug|x64.Build.0 = Debug|x64
		{EBFFD6F7-23CB-404A-8C98-9458B5DC9475}.Debug|x86.ActiveCfg = Debug|Win32
		{EBFFD6F7-23CB-404A-8C98-9458B5DC9475}.Debug|x86.Build.0 = Debug|Win32
		{EBFFD6F7-23CB-404A-8C98-9458B5DC9475}.Release|x64.ActiveCfg = Release|x64
		{EBFFD6F7-23CB-404A-8C98-9458B5DC9475}.Release|x64.Build.0 = Release|x64
		{EBFFD6F7-23CB-404A-8C98-9458B5DC9475}.Release|x86.ActiveCfg = Release|Win32
		{EBFFD6F7-23CB-404A-8C98-9458B5DC9475}.Release|x86.Build.0 = Release|Win32
	EndGlobalSection
	GlobalSection(SolutionProperties) = preSolution
		HideSolutionNode = FALSE
	EndGlobalSection
	GlobalSection(NestedProjects) = preSolution
		{6682BFD4-C79F-49BD-A114-6EE8FB79E8C3} = {7E061F9B-0D7E-405B-A73A-C2D28A755FB9}
		{CDE5A2F9-D904-4B88-B6CA-2964E9B5DBC4} = {856ED680-E9A4-400F-ADFF-D3C492DCA608}
		{BFF9C813-01AF-43B3-A23E-2C62F332B994} = {856ED680-E9A4-400F-ADFF-D3C492DCA608}
		{4F150A30-CECB-49D1-8283-6A3F57438CF5} = {856ED680-E9A4-400F-ADFF-D3C492DCA608}
		{0D034612-14E2-44E7-993A-72344A2CA7BD} = {856ED680-E9A4-400F-ADFF-D3C492DCA608}
		{10014E31-C9EA-41B3-9084-D628C69BE383} = {E845F27C-BB0F-4CDB-A1DF-20A09E874E1B}
		{B08E48AD-5DAF-4A2D-8FF4-56EDC9647154} = {E845F27C-BB0F-4CDB-A1DF-20A09E874E1B}
		{5D4DBA98-5FCE-4E80-8C57-D133F8547155} = {E845F27C-BB0F-4CDB-A1DF-20A09E874E1B}
		{12EEBFC9-FEE8-4286-958E-1BABF6266A3D} = {E845F27C-BB0F-4CDB-A1DF-20A09E874E1B}
		{CBEA59E3-CDBB-408D-A074-3B65D7701F47} = {E845F27C-BB0F-4CDB-A1DF-20A09E874E1B}
		{EBFFD6F7-23CB-404A-8C98-9458B5DC9475} = {E845F27C-BB0F-4CDB-A1DF-20A09E874E1B}
	EndGlobalSection
	GlobalSection(ExtensibilityGlobals) = postSolution
		SolutionGuid = {2D84BED7-7031-4090-B4D3-57A9E4C0998B}
	EndGlobalSection
EndGlobal
